
Microsoft Visual Studio Solution File, Format Version 12.00
# Visual Studio Version 16
VisualStudioVersion = 16.0.29123.88
MinimumVisualStudioVersion = 10.0.40219.1
Project("{F184B08F-C81C-45F6-A57F-5ABD9991F28F}") = "Homework5", "Homework5\Homework5.vbproj", "{05248DAA-C177-494B-AF25-8B911D53958D}"
EndProject
Global
	GlobalSection(SolutionConfigurationPlatforms) = preSolution
		Debug|Any CPU = Debug|Any CPU
		Release|Any CPU = Release|Any CPU
	EndGlobalSection
	GlobalSection(ProjectConfigurationPlatforms) = postSolution
		{05248DAA-C177-494B-AF25-8B911D53958D}.Debug|Any CPU.ActiveCfg = Debug|Any CPU
		{05248DAA-C177-494B-AF25-8B911D53958D}.Debug|Any CPU.Build.0 = Debug|Any CPU
		{05248DAA-C177-494B-AF25-8B911D53958D}.Release|Any CPU.ActiveCfg = Release|Any CPU
		{05248DAA-C177-494B-AF25-8B911D53958D}.Release|Any CPU.Build.0 = Release|Any CPU
	EndGlobalSection
	GlobalSection(SolutionProperties) = preSolution
		HideSolutionNode = FALSE
	EndGlobalSection
	GlobalSection(ExtensibilityGlobals) = postSolution
		SolutionGuid = {2BF61A4E-A07D-42BE-A3B5-E9CB8DEF9C92}
	EndGlobalSection
EndGlobal
