
Microsoft Visual Studio Solution File, Format Version 12.00
# Visual Studio Version 16
VisualStudioVersion = 16.0.29123.88
MinimumVisualStudioVersion = 10.0.40219.1
Project("{F184B08F-C81C-45F6-A57F-5ABD9991F28F}") = "Lab12", "Lab12.vbproj", "{29B0995F-F664-4B2A-8A7F-5E5D4BFFB71A}"
EndProject
Global
	GlobalSection(SolutionConfigurationPlatforms) = preSolution
		Debug|Any CPU = Debug|Any CPU
		Release|Any CPU = Release|Any CPU
	EndGlobalSection
	GlobalSection(ProjectConfigurationPlatforms) = postSolution
		{29B0995F-F664-4B2A-8A7F-5E5D4BFFB71A}.Debug|Any CPU.ActiveCfg = Debug|Any CPU
		{29B0995F-F664-4B2A-8A7F-5E5D4BFFB71A}.Debug|Any CPU.Build.0 = Debug|Any CPU
		{29B0995F-F664-4B2A-8A7F-5E5D4BFFB71A}.Release|Any CPU.ActiveCfg = Release|Any CPU
		{29B0995F-F664-4B2A-8A7F-5E5D4BFFB71A}.Release|Any CPU.Build.0 = Release|Any CPU
	EndGlobalSection
	GlobalSection(SolutionProperties) = preSolution
		HideSolutionNode = FALSE
	EndGlobalSection
	GlobalSection(ExtensibilityGlobals) = postSolution
		SolutionGuid = {C75894E7-1627-4A2B-82C5-B200D4A839DD}
	EndGlobalSection
EndGlobal
